github.com/OpenUniversity/wowchemy-hugo-modules v0.29.0 h1:jnbz9eeIGYVUqe9c4OSzB1zOSEIj9G1tQ7IPUbEV9vI=
github.com/OpenUniversity/wowchemy-hugo-modules v4.8.0+incompatible h1:TUj7/1LyRw+cmj0vQEVU/+aX8dh+2syJzYrEePQuNaI=
github.com/OpenUniversity/wowchemy-hugo-modules/netlify-cms-academic v0.0.0-20210109091102-8b11b9d76a7b h1:AFlLRMJEBijmk1db86Ck8DV6Y+0fwAkp70kdNphmQ5Q=
github.com/OpenUniversity/wowchemy-hugo-modules/netlify-cms-academic v0.0.0-20210109091102-8b11b9d76a7b/go.mod h1:7x8mpQYz9eWHUi95G7O8O7abLsgL35qr3kLU0jdi+XQ=
github.com/OpenUniversity/wowchemy-hugo-modules/wowchemy v0.0.0-20210109091102-8b11b9d76a7b h1:vfVKUtIWvnu+qKaG1VLd3aRG5bxORTaPYWp1QhgQqk8=
github.com/OpenUniversity/wowchemy-hugo-modules/wowchemy v0.0.0-20210109091102-8b11b9d76a7b/go.mod h1:mjHY1UfUR+yeNvSYMP5NAERUv2YS31sqTzQgvTk82hE=
